// !$*UTF8*$!
{
	archiveVersion = 1;
	classes = {
	};
	objectVersion = 48;
	objects = {

/* Begin PBXBuildFile section */
		910966891FA8BB8700FC63BF /* ProfileAssembly.swift in Sources */ = {isa = PBXBuildFile; fileRef = 910966881FA8BB8700FC63BF /* ProfileAssembly.swift */; };
		9109668B1FA8BB9300FC63BF /* ProfileModel.swift in Sources */ = {isa = PBXBuildFile; fileRef = 9109668A1FA8BB9300FC63BF /* ProfileModel.swift */; };
		9109668D1FA8BBCB00FC63BF /* ProfileService.swift in Sources */ = {isa = PBXBuildFile; fileRef = 9109668C1FA8BBCB00FC63BF /* ProfileService.swift */; };
		9119289A1F9F236C00AA1658 /* MultipeerConnector.swift in Sources */ = {isa = PBXBuildFile; fileRef = 911928991F9F236C00AA1658 /* MultipeerConnector.swift */; };
		9119289C1F9F238200AA1658 /* ConnectionManager.swift in Sources */ = {isa = PBXBuildFile; fileRef = 9119289B1F9F238200AA1658 /* ConnectionManager.swift */; };
		913155CD1F99DEAB00246248 /* Chat.storyboard in Resources */ = {isa = PBXBuildFile; fileRef = 913155CC1F99DEAB00246248 /* Chat.storyboard */; };
		9143CB9B1FA5B525005DE096 /* homework-6.pdf in Resources */ = {isa = PBXBuildFile; fileRef = 9143CB991FA5B525005DE096 /* homework-6.pdf */; };
		9143CB9C1FA5B525005DE096 /* presentation-6.pdf in Resources */ = {isa = PBXBuildFile; fileRef = 9143CB9A1FA5B525005DE096 /* presentation-6.pdf */; };
		9166B47E1F8972660081D4A9 /* ChatViewController.swift in Sources */ = {isa = PBXBuildFile; fileRef = 9166B47D1F8972660081D4A9 /* ChatViewController.swift */; };
		9166B4811F8975920081D4A9 /* MessageCell.swift in Sources */ = {isa = PBXBuildFile; fileRef = 9166B47F1F8975920081D4A9 /* MessageCell.swift */; };
		916836151F9A29650095A427 /* Message.swift in Sources */ = {isa = PBXBuildFile; fileRef = 916836141F9A29650095A427 /* Message.swift */; };
		916836171F9A29790095A427 /* Chat.swift in Sources */ = {isa = PBXBuildFile; fileRef = 916836161F9A29790095A427 /* Chat.swift */; };
		916836191F9A2A840095A427 /* Profile.swift in Sources */ = {isa = PBXBuildFile; fileRef = 916836181F9A2A840095A427 /* Profile.swift */; };
		916836251F9B9E860095A427 /* Profile.storyboard in Resources */ = {isa = PBXBuildFile; fileRef = 916836241F9B9E860095A427 /* Profile.storyboard */; };
		916836291F9BC9CD0095A427 /* FileStorage.swift in Sources */ = {isa = PBXBuildFile; fileRef = 916836281F9BC9CD0095A427 /* FileStorage.swift */; };
		9181B4961F8026A70088970D /* README.md in Resources */ = {isa = PBXBuildFile; fileRef = 9181B4951F8026A70088970D /* README.md */; };
		918CF85D1F854352000F4235 /* Lection 3.txt in Resources */ = {isa = PBXBuildFile; fileRef = 918CF85C1F854352000F4235 /* Lection 3.txt */; };
		918CF8601F8688BE000F4235 /* ChatsListViewController.swift in Sources */ = {isa = PBXBuildFile; fileRef = 918CF85F1F8688BE000F4235 /* ChatsListViewController.swift */; };
		919650DF1F94FD8300282F13 /* GCDDataManager.swift in Sources */ = {isa = PBXBuildFile; fileRef = 919650DE1F94FD8300282F13 /* GCDDataManager.swift */; };
		9198E4901FA7473000A5787D /* RootAssembly.swift in Sources */ = {isa = PBXBuildFile; fileRef = 9198E48F1FA7473000A5787D /* RootAssembly.swift */; };
		9198E4931FA747FA00A5787D /* ChatsListAssembly.swift in Sources */ = {isa = PBXBuildFile; fileRef = 9198E4921FA747FA00A5787D /* ChatsListAssembly.swift */; };
		9198E4971FA748D900A5787D /* ChatsListModel.swift in Sources */ = {isa = PBXBuildFile; fileRef = 9198E4961FA748D900A5787D /* ChatsListModel.swift */; };
		9198E4991FA7555700A5787D /* PeersService.swift in Sources */ = {isa = PBXBuildFile; fileRef = 9198E4981FA7555700A5787D /* PeersService.swift */; };
		9198E4A51FA84F1A00A5787D /* MessagesService.swift in Sources */ = {isa = PBXBuildFile; fileRef = 9198E4A41FA84F1A00A5787D /* MessagesService.swift */; };
		9198E4B21FA8926C00A5787D /* ChatModel.swift in Sources */ = {isa = PBXBuildFile; fileRef = 9198E4B11FA8926C00A5787D /* ChatModel.swift */; };
		9198E4B41FA8927800A5787D /* ChatAssembly.swift in Sources */ = {isa = PBXBuildFile; fileRef = 9198E4B31FA8927800A5787D /* ChatAssembly.swift */; };
		919D312C1FAE22B600EF655B /* Model.xcdatamodeld in Sources */ = {isa = PBXBuildFile; fileRef = 919D312A1FAE22B600EF655B /* Model.xcdatamodeld */; };
		919D31301FAE2E6000EF655B /* User.swift in Sources */ = {isa = PBXBuildFile; fileRef = 919D312F1FAE2E6000EF655B /* User.swift */; };
		919D31321FAE2E6A00EF655B /* AppUser.swift in Sources */ = {isa = PBXBuildFile; fileRef = 919D31311FAE2E6A00EF655B /* AppUser.swift */; };
		919D31351FAE2EC200EF655B /* CoreDataStack.swift in Sources */ = {isa = PBXBuildFile; fileRef = 919D31341FAE2EC200EF655B /* CoreDataStack.swift */; };
		91B65B1B1FAF1FC400C42E58 /* CoreDataManager.swift in Sources */ = {isa = PBXBuildFile; fileRef = 91B65B1A1FAF1FC400C42E58 /* CoreDataManager.swift */; };
		91CDAEC71F7C0FA300F3DCB6 /* Lection 2 in Resources */ = {isa = PBXBuildFile; fileRef = 91CDAEC61F7C0FA300F3DCB6 /* Lection 2 */; };
		91D776FD1F72CC3B007573E1 /* AppDelegate.swift in Sources */ = {isa = PBXBuildFile; fileRef = 91D776FC1F72CC3B007573E1 /* AppDelegate.swift */; };
		91D776FF1F72CC3B007573E1 /* ProfileViewController.swift in Sources */ = {isa = PBXBuildFile; fileRef = 91D776FE1F72CC3B007573E1 /* ProfileViewController.swift */; };
		91D777021F72CC3B007573E1 /* ChatsList.storyboard in Resources */ = {isa = PBXBuildFile; fileRef = 91D777001F72CC3B007573E1 /* ChatsList.storyboard */; };
		91D777071F72CC3B007573E1 /* Assets.xcassets in Resources */ = {isa = PBXBuildFile; fileRef = 91D777061F72CC3B007573E1 /* Assets.xcassets */; };
		91D7770A1F72CC3B007573E1 /* LaunchScreen.storyboard in Resources */ = {isa = PBXBuildFile; fileRef = 91D777081F72CC3B007573E1 /* LaunchScreen.storyboard */; };
		91F9DD371F868B1F0085ABF7 /* ChatCell.swift in Sources */ = {isa = PBXBuildFile; fileRef = 91F9DD351F868B1F0085ABF7 /* ChatCell.swift */; };
		91F9DD381F868B200085ABF7 /* ChatCell.xib in Resources */ = {isa = PBXBuildFile; fileRef = 91F9DD361F868B1F0085ABF7 /* ChatCell.xib */; };
/* End PBXBuildFile section */

/* Begin PBXFileReference section */
		910966881FA8BB8700FC63BF /* ProfileAssembly.swift */ = {isa = PBXFileReference; lastKnownFileType = sourcecode.swift; path = ProfileAssembly.swift; sourceTree = "<group>"; };
		9109668A1FA8BB9300FC63BF /* ProfileModel.swift */ = {isa = PBXFileReference; lastKnownFileType = sourcecode.swift; path = ProfileModel.swift; sourceTree = "<group>"; };
		9109668C1FA8BBCB00FC63BF /* ProfileService.swift */ = {isa = PBXFileReference; lastKnownFileType = sourcecode.swift; path = ProfileService.swift; sourceTree = "<group>"; };
		911928991F9F236C00AA1658 /* MultipeerConnector.swift */ = {isa = PBXFileReference; lastKnownFileType = sourcecode.swift; path = MultipeerConnector.swift; sourceTree = "<group>"; };
		9119289B1F9F238200AA1658 /* ConnectionManager.swift */ = {isa = PBXFileReference; lastKnownFileType = sourcecode.swift; path = ConnectionManager.swift; sourceTree = "<group>"; };
		913155CC1F99DEAB00246248 /* Chat.storyboard */ = {isa = PBXFileReference; fileEncoding = 4; lastKnownFileType = file.storyboard; path = Chat.storyboard; sourceTree = "<group>"; };
		9143CB991FA5B525005DE096 /* homework-6.pdf */ = {isa = PBXFileReference; lastKnownFileType = image.pdf; path = "homework-6.pdf"; sourceTree = "<group>"; };
		9143CB9A1FA5B525005DE096 /* presentation-6.pdf */ = {isa = PBXFileReference; lastKnownFileType = image.pdf; path = "presentation-6.pdf"; sourceTree = "<group>"; };
		9166B47D1F8972660081D4A9 /* ChatViewController.swift */ = {isa = PBXFileReference; lastKnownFileType = sourcecode.swift; path = ChatViewController.swift; sourceTree = "<group>"; };
		9166B47F1F8975920081D4A9 /* MessageCell.swift */ = {isa = PBXFileReference; lastKnownFileType = sourcecode.swift; path = MessageCell.swift; sourceTree = "<group>"; };
		916836141F9A29650095A427 /* Message.swift */ = {isa = PBXFileReference; lastKnownFileType = sourcecode.swift; path = Message.swift; sourceTree = "<group>"; };
		916836161F9A29790095A427 /* Chat.swift */ = {isa = PBXFileReference; lastKnownFileType = sourcecode.swift; path = Chat.swift; sourceTree = "<group>"; };
		916836181F9A2A840095A427 /* Profile.swift */ = {isa = PBXFileReference; fileEncoding = 4; lastKnownFileType = sourcecode.swift; path = Profile.swift; sourceTree = "<group>"; };
		916836241F9B9E860095A427 /* Profile.storyboard */ = {isa = PBXFileReference; fileEncoding = 4; lastKnownFileType = file.storyboard; path = Profile.storyboard; sourceTree = "<group>"; };
		916836281F9BC9CD0095A427 /* FileStorage.swift */ = {isa = PBXFileReference; lastKnownFileType = sourcecode.swift; path = FileStorage.swift; sourceTree = "<group>"; };
		9181B4951F8026A70088970D /* README.md */ = {isa = PBXFileReference; fileEncoding = 4; lastKnownFileType = net.daringfireball.markdown; path = README.md; sourceTree = "<group>"; };
		918CF85C1F854352000F4235 /* Lection 3.txt */ = {isa = PBXFileReference; fileEncoding = 4; lastKnownFileType = text; path = "Lection 3.txt"; sourceTree = "<group>"; };
		918CF85F1F8688BE000F4235 /* ChatsListViewController.swift */ = {isa = PBXFileReference; lastKnownFileType = sourcecode.swift; path = ChatsListViewController.swift; sourceTree = "<group>"; };
		919650DE1F94FD8300282F13 /* GCDDataManager.swift */ = {isa = PBXFileReference; lastKnownFileType = sourcecode.swift; path = GCDDataManager.swift; sourceTree = "<group>"; };
		9198E48F1FA7473000A5787D /* RootAssembly.swift */ = {isa = PBXFileReference; lastKnownFileType = sourcecode.swift; path = RootAssembly.swift; sourceTree = "<group>"; };
		9198E4921FA747FA00A5787D /* ChatsListAssembly.swift */ = {isa = PBXFileReference; lastKnownFileType = sourcecode.swift; path = ChatsListAssembly.swift; sourceTree = "<group>"; };
		9198E4961FA748D900A5787D /* ChatsListModel.swift */ = {isa = PBXFileReference; lastKnownFileType = sourcecode.swift; path = ChatsListModel.swift; sourceTree = "<group>"; };
		9198E4981FA7555700A5787D /* PeersService.swift */ = {isa = PBXFileReference; lastKnownFileType = sourcecode.swift; path = PeersService.swift; sourceTree = "<group>"; };
		9198E4A41FA84F1A00A5787D /* MessagesService.swift */ = {isa = PBXFileReference; lastKnownFileType = sourcecode.swift; path = MessagesService.swift; sourceTree = "<group>"; };
		9198E4B11FA8926C00A5787D /* ChatModel.swift */ = {isa = PBXFileReference; lastKnownFileType = sourcecode.swift; path = ChatModel.swift; sourceTree = "<group>"; };
		9198E4B31FA8927800A5787D /* ChatAssembly.swift */ = {isa = PBXFileReference; lastKnownFileType = sourcecode.swift; path = ChatAssembly.swift; sourceTree = "<group>"; };
		919D312B1FAE22B600EF655B /* Model.xcdatamodel */ = {isa = PBXFileReference; lastKnownFileType = wrapper.xcdatamodel; path = Model.xcdatamodel; sourceTree = "<group>"; };
		919D312D1FAE22FE00EF655B /* home_work-7.pdf */ = {isa = PBXFileReference; lastKnownFileType = image.pdf; path = "home_work-7.pdf"; sourceTree = "<group>"; };
		919D312E1FAE230900EF655B /* tutorial-7.pdf */ = {isa = PBXFileReference; lastKnownFileType = image.pdf; path = "tutorial-7.pdf"; sourceTree = "<group>"; };
		919D312F1FAE2E6000EF655B /* User.swift */ = {isa = PBXFileReference; lastKnownFileType = sourcecode.swift; path = User.swift; sourceTree = "<group>"; };
		919D31311FAE2E6A00EF655B /* AppUser.swift */ = {isa = PBXFileReference; lastKnownFileType = sourcecode.swift; path = AppUser.swift; sourceTree = "<group>"; };
		919D31341FAE2EC200EF655B /* CoreDataStack.swift */ = {isa = PBXFileReference; lastKnownFileType = sourcecode.swift; path = CoreDataStack.swift; sourceTree = "<group>"; };
		91B65B1A1FAF1FC400C42E58 /* CoreDataManager.swift */ = {isa = PBXFileReference; lastKnownFileType = sourcecode.swift; path = CoreDataManager.swift; sourceTree = "<group>"; };
		91CDAEC61F7C0FA300F3DCB6 /* Lection 2 */ = {isa = PBXFileReference; lastKnownFileType = text; path = "Lection 2"; sourceTree = "<group>"; };
		91D776F91F72CC3B007573E1 /* TinkoffChat.app */ = {isa = PBXFileReference; explicitFileType = wrapper.application; includeInIndex = 0; path = TinkoffChat.app; sourceTree = BUILT_PRODUCTS_DIR; };
		91D776FC1F72CC3B007573E1 /* AppDelegate.swift */ = {isa = PBXFileReference; lastKnownFileType = sourcecode.swift; path = AppDelegate.swift; sourceTree = "<group>"; };
		91D776FE1F72CC3B007573E1 /* ProfileViewController.swift */ = {isa = PBXFileReference; lastKnownFileType = sourcecode.swift; path = ProfileViewController.swift; sourceTree = "<group>"; };
		91D777011F72CC3B007573E1 /* Base */ = {isa = PBXFileReference; lastKnownFileType = file.storyboard; name = Base; path = Base.lproj/ChatsList.storyboard; sourceTree = "<group>"; };
		91D777061F72CC3B007573E1 /* Assets.xcassets */ = {isa = PBXFileReference; lastKnownFileType = folder.assetcatalog; path = Assets.xcassets; sourceTree = "<group>"; };
		91D777091F72CC3B007573E1 /* Base */ = {isa = PBXFileReference; lastKnownFileType = file.storyboard; name = Base; path = Base.lproj/LaunchScreen.storyboard; sourceTree = "<group>"; };
		91D7770B1F72CC3B007573E1 /* Info.plist */ = {isa = PBXFileReference; lastKnownFileType = text.plist.xml; path = Info.plist; sourceTree = "<group>"; };
		91F9DD351F868B1F0085ABF7 /* ChatCell.swift */ = {isa = PBXFileReference; lastKnownFileType = sourcecode.swift; path = ChatCell.swift; sourceTree = "<group>"; };
		91F9DD361F868B1F0085ABF7 /* ChatCell.xib */ = {isa = PBXFileReference; lastKnownFileType = file.xib; path = ChatCell.xib; sourceTree = "<group>"; };
/* End PBXFileReference section */

/* Begin PBXFrameworksBuildPhase section */
		91D776F61F72CC3B007573E1 /* Frameworks */ = {
			isa = PBXFrameworksBuildPhase;
			buildActionMask = 2147483647;
			files = (
			);
			runOnlyForDeploymentPostprocessing = 0;
		};
/* End PBXFrameworksBuildPhase section */

/* Begin PBXGroup section */
		910966871FA8BA3100FC63BF /* Entities */ = {
			isa = PBXGroup;
			children = (
				916836141F9A29650095A427 /* Message.swift */,
				916836181F9A2A840095A427 /* Profile.swift */,
				916836161F9A29790095A427 /* Chat.swift */,
				919D312F1FAE2E6000EF655B /* User.swift */,
				919D31311FAE2E6A00EF655B /* AppUser.swift */,
			);
			path = Entities;
			sourceTree = "<group>";
		};
		911928961F9F22F600AA1658 /* Multipeer Connector */ = {
			isa = PBXGroup;
			children = (
				911928991F9F236C00AA1658 /* MultipeerConnector.swift */,
				9119289B1F9F238200AA1658 /* ConnectionManager.swift */,
			);
			name = "Multipeer Connector";
			path = "Entities/Multipeer Connector";
			sourceTree = "<group>";
		};
		911928971F9F232200AA1658 /* UI */ = {
			isa = PBXGroup;
			children = (
				9166B47F1F8975920081D4A9 /* MessageCell.swift */,
				913155CC1F99DEAB00246248 /* Chat.storyboard */,
			);
			path = UI;
			sourceTree = "<group>";
		};
		911928981F9F233700AA1658 /* UI */ = {
			isa = PBXGroup;
			children = (
				91D777001F72CC3B007573E1 /* ChatsList.storyboard */,
				91F9DD361F868B1F0085ABF7 /* ChatCell.xib */,
				91F9DD351F868B1F0085ABF7 /* ChatCell.swift */,
			);
			name = UI;
			path = "../../../Chats List/UI";
			sourceTree = "<group>";
		};
		913155D31F99DF4100246248 /* UI */ = {
			isa = PBXGroup;
			children = (
				916836241F9B9E860095A427 /* Profile.storyboard */,
			);
			path = UI;
			sourceTree = "<group>";
		};
		913155D51F99DFA900246248 /* Storage */ = {
			isa = PBXGroup;
			children = (
				919650DE1F94FD8300282F13 /* GCDDataManager.swift */,
				916836281F9BC9CD0095A427 /* FileStorage.swift */,
			);
			name = Storage;
			path = ../Profile/Storage;
			sourceTree = "<group>";
		};
		9143CB961FA5B49A005DE096 /* Presentation Layer */ = {
			isa = PBXGroup;
			children = (
				9143CB9D1FA5B568005DE096 /* Modules */,
			);
			path = "Presentation Layer";
			sourceTree = "<group>";
		};
		9143CB971FA5B4A6005DE096 /* Service Layer */ = {
			isa = PBXGroup;
			children = (
				9198E4981FA7555700A5787D /* PeersService.swift */,
				9198E4A41FA84F1A00A5787D /* MessagesService.swift */,
				9109668C1FA8BBCB00FC63BF /* ProfileService.swift */,
			);
			path = "Service Layer";
			sourceTree = "<group>";
		};
		9143CB981FA5B4AD005DE096 /* Core Layer */ = {
			isa = PBXGroup;
			children = (
				919D31331FAE2EA400EF655B /* CoreData */,
				919D312A1FAE22B600EF655B /* Model.xcdatamodeld */,
				91D776FC1F72CC3B007573E1 /* AppDelegate.swift */,
				9198E48F1FA7473000A5787D /* RootAssembly.swift */,
				913155D51F99DFA900246248 /* Storage */,
				911928961F9F22F600AA1658 /* Multipeer Connector */,
				910966871FA8BA3100FC63BF /* Entities */,
			);
			path = "Core Layer";
			sourceTree = "<group>";
		};
		9143CB9D1FA5B568005DE096 /* Modules */ = {
			isa = PBXGroup;
			children = (
				9198E4911FA747E700A5787D /* ChatsListViewController */,
				9198E4AE1FA891BE00A5787D /* ChatViewController */,
				9198E48E1FA746A300A5787D /* ProfileViewController */,
			);
			path = Modules;
			sourceTree = "<group>";
		};
		9198E48E1FA746A300A5787D /* ProfileViewController */ = {
			isa = PBXGroup;
			children = (
				91D776FE1F72CC3B007573E1 /* ProfileViewController.swift */,
				910966881FA8BB8700FC63BF /* ProfileAssembly.swift */,
				9109668A1FA8BB9300FC63BF /* ProfileModel.swift */,
				913155D31F99DF4100246248 /* UI */,
			);
			path = ProfileViewController;
			sourceTree = "<group>";
		};
		9198E4911FA747E700A5787D /* ChatsListViewController */ = {
			isa = PBXGroup;
			children = (
				911928981F9F233700AA1658 /* UI */,
				9198E4921FA747FA00A5787D /* ChatsListAssembly.swift */,
				918CF85F1F8688BE000F4235 /* ChatsListViewController.swift */,
				9198E4961FA748D900A5787D /* ChatsListModel.swift */,
			);
			path = ChatsListViewController;
			sourceTree = "<group>";
		};
		9198E4AE1FA891BE00A5787D /* ChatViewController */ = {
			isa = PBXGroup;
			children = (
				911928971F9F232200AA1658 /* UI */,
				9166B47D1F8972660081D4A9 /* ChatViewController.swift */,
				9198E4B11FA8926C00A5787D /* ChatModel.swift */,
				9198E4B31FA8927800A5787D /* ChatAssembly.swift */,
			);
			name = ChatViewController;
			path = "New Group";
			sourceTree = "<group>";
		};
		919D31331FAE2EA400EF655B /* CoreData */ = {
			isa = PBXGroup;
			children = (
				919D31341FAE2EC200EF655B /* CoreDataStack.swift */,
				91B65B1A1FAF1FC400C42E58 /* CoreDataManager.swift */,
			);
			path = CoreData;
			sourceTree = "<group>";
		};
		919D721E1F88B6220031B19F /* SupportFiles */ = {
			isa = PBXGroup;
			children = (
				919D312E1FAE230900EF655B /* tutorial-7.pdf */,
				919D312D1FAE22FE00EF655B /* home_work-7.pdf */,
				9143CB991FA5B525005DE096 /* homework-6.pdf */,
				9143CB9A1FA5B525005DE096 /* presentation-6.pdf */,
				91D7770B1F72CC3B007573E1 /* Info.plist */,
				91D777061F72CC3B007573E1 /* Assets.xcassets */,
				91D777081F72CC3B007573E1 /* LaunchScreen.storyboard */,
				91CDAEC61F7C0FA300F3DCB6 /* Lection 2 */,
				918CF85C1F854352000F4235 /* Lection 3.txt */,
			);
			path = SupportFiles;
			sourceTree = "<group>";
		};
		91D776F01F72CC3B007573E1 = {
			isa = PBXGroup;
			children = (
				9181B4951F8026A70088970D /* README.md */,
				91D776FB1F72CC3B007573E1 /* TinkoffChat */,
				91D776FA1F72CC3B007573E1 /* Products */,
			);
			sourceTree = "<group>";
		};
		91D776FA1F72CC3B007573E1 /* Products */ = {
			isa = PBXGroup;
			children = (
				91D776F91F72CC3B007573E1 /* TinkoffChat.app */,
			);
			name = Products;
			sourceTree = "<group>";
		};
		91D776FB1F72CC3B007573E1 /* TinkoffChat */ = {
			isa = PBXGroup;
			children = (
				9143CB961FA5B49A005DE096 /* Presentation Layer */,
				9143CB971FA5B4A6005DE096 /* Service Layer */,
				9143CB981FA5B4AD005DE096 /* Core Layer */,
				919D721E1F88B6220031B19F /* SupportFiles */,
			);
			path = TinkoffChat;
			sourceTree = "<group>";
		};
/* End PBXGroup section */

/* Begin PBXNativeTarget section */
		91D776F81F72CC3B007573E1 /* TinkoffChat */ = {
			isa = PBXNativeTarget;
			buildConfigurationList = 91D7770E1F72CC3B007573E1 /* Build configuration list for PBXNativeTarget "TinkoffChat" */;
			buildPhases = (
				91D776F51F72CC3B007573E1 /* Sources */,
				91D776F61F72CC3B007573E1 /* Frameworks */,
				91D776F71F72CC3B007573E1 /* Resources */,
			);
			buildRules = (
			);
			dependencies = (
			);
			name = TinkoffChat;
			productName = TinkoffChat;
			productReference = 91D776F91F72CC3B007573E1 /* TinkoffChat.app */;
			productType = "com.apple.product-type.application";
		};
/* End PBXNativeTarget section */

/* Begin PBXProject section */
		91D776F11F72CC3B007573E1 /* Project object */ = {
			isa = PBXProject;
			attributes = {
				LastSwiftUpdateCheck = 0900;
				LastUpgradeCheck = 0900;
				ORGANIZATIONNAME = "Kam Lotfull";
				TargetAttributes = {
					91D776F81F72CC3B007573E1 = {
						CreatedOnToolsVersion = 9.0;
						ProvisioningStyle = Automatic;
					};
				};
			};
			buildConfigurationList = 91D776F41F72CC3B007573E1 /* Build configuration list for PBXProject "TinkoffChat" */;
			compatibilityVersion = "Xcode 8.0";
			developmentRegion = en;
			hasScannedForEncodings = 0;
			knownRegions = (
				en,
				Base,
			);
			mainGroup = 91D776F01F72CC3B007573E1;
			productRefGroup = 91D776FA1F72CC3B007573E1 /* Products */;
			projectDirPath = "";
			projectRoot = "";
			targets = (
				91D776F81F72CC3B007573E1 /* TinkoffChat */,
			);
		};
/* End PBXProject section */

/* Begin PBXResourcesBuildPhase section */
		91D776F71F72CC3B007573E1 /* Resources */ = {
			isa = PBXResourcesBuildPhase;
			buildActionMask = 2147483647;
			files = (
				91F9DD381F868B200085ABF7 /* ChatCell.xib in Resources */,
				916836251F9B9E860095A427 /* Profile.storyboard in Resources */,
				9181B4961F8026A70088970D /* README.md in Resources */,
				9143CB9C1FA5B525005DE096 /* presentation-6.pdf in Resources */,
				91D7770A1F72CC3B007573E1 /* LaunchScreen.storyboard in Resources */,
				91D777071F72CC3B007573E1 /* Assets.xcassets in Resources */,
				9143CB9B1FA5B525005DE096 /* homework-6.pdf in Resources */,
				918CF85D1F854352000F4235 /* Lection 3.txt in Resources */,
				91D777021F72CC3B007573E1 /* ChatsList.storyboard in Resources */,
				913155CD1F99DEAB00246248 /* Chat.storyboard in Resources */,
				91CDAEC71F7C0FA300F3DCB6 /* Lection 2 in Resources */,
			);
			runOnlyForDeploymentPostprocessing = 0;
		};
/* End PBXResourcesBuildPhase section */

/* Begin PBXSourcesBuildPhase section */
		91D776F51F72CC3B007573E1 /* Sources */ = {
			isa = PBXSourcesBuildPhase;
			buildActionMask = 2147483647;
			files = (
				91D776FF1F72CC3B007573E1 /* ProfileViewController.swift in Sources */,
				9198E4991FA7555700A5787D /* PeersService.swift in Sources */,
				918CF8601F8688BE000F4235 /* ChatsListViewController.swift in Sources */,
				919D31301FAE2E6000EF655B /* User.swift in Sources */,
				916836191F9A2A840095A427 /* Profile.swift in Sources */,
				9119289A1F9F236C00AA1658 /* MultipeerConnector.swift in Sources */,
				919D31351FAE2EC200EF655B /* CoreDataStack.swift in Sources */,
				9198E4931FA747FA00A5787D /* ChatsListAssembly.swift in Sources */,
				9198E4B41FA8927800A5787D /* ChatAssembly.swift in Sources */,
				9166B4811F8975920081D4A9 /* MessageCell.swift in Sources */,
				910966891FA8BB8700FC63BF /* ProfileAssembly.swift in Sources */,
				91D776FD1F72CC3B007573E1 /* AppDelegate.swift in Sources */,
				919650DF1F94FD8300282F13 /* GCDDataManager.swift in Sources */,
				919D312C1FAE22B600EF655B /* Model.xcdatamodeld in Sources */,
				9166B47E1F8972660081D4A9 /* ChatViewController.swift in Sources */,
				919D31321FAE2E6A00EF655B /* AppUser.swift in Sources */,
				91F9DD371F868B1F0085ABF7 /* ChatCell.swift in Sources */,
				916836291F9BC9CD0095A427 /* FileStorage.swift in Sources */,
				9198E4A51FA84F1A00A5787D /* MessagesService.swift in Sources */,
				9119289C1F9F238200AA1658 /* ConnectionManager.swift in Sources */,
				9109668D1FA8BBCB00FC63BF /* ProfileService.swift in Sources */,
				916836171F9A29790095A427 /* Chat.swift in Sources */,
				9198E4B21FA8926C00A5787D /* ChatModel.swift in Sources */,
				9109668B1FA8BB9300FC63BF /* ProfileModel.swift in Sources */,
				916836151F9A29650095A427 /* Message.swift in Sources */,
				9198E4901FA7473000A5787D /* RootAssembly.swift in Sources */,
				91B65B1B1FAF1FC400C42E58 /* CoreDataManager.swift in Sources */,
				9198E4971FA748D900A5787D /* ChatsListModel.swift in Sources */,
			);
			runOnlyForDeploymentPostprocessing = 0;
		};
/* End PBXSourcesBuildPhase section */

/* Begin PBXVariantGroup section */
		91D777001F72CC3B007573E1 /* ChatsList.storyboard */ = {
			isa = PBXVariantGroup;
			children = (
				91D777011F72CC3B007573E1 /* Base */,
			);
			name = ChatsList.storyboard;
			sourceTree = "<group>";
		};
		91D777081F72CC3B007573E1 /* LaunchScreen.storyboard */ = {
			isa = PBXVariantGroup;
			children = (
				91D777091F72CC3B007573E1 /* Base */,
			);
			name = LaunchScreen.storyboard;
			sourceTree = "<group>";
		};
/* End PBXVariantGroup section */

/* Begin XCBuildConfiguration section */
		91D7770C1F72CC3B007573E1 /* Debug */ = {
			isa = XCBuildConfiguration;
			buildSettings = {
				ALWAYS_SEARCH_USER_PATHS = NO;
				CLANG_ANALYZER_NONNULL = YES;
				CLANG_ANALYZER_NUMBER_OBJECT_CONVERSION = YES_AGGRESSIVE;
				CLANG_CXX_LANGUAGE_STANDARD = "gnu++14";
				CLANG_CXX_LIBRARY = "libc++";
				CLANG_ENABLE_MODULES = YES;
				CLANG_ENABLE_OBJC_ARC = YES;
				CLANG_WARN_BLOCK_CAPTURE_AUTORELEASING = YES;
				CLANG_WARN_BOOL_CONVERSION = YES;
				CLANG_WARN_COMMA = YES;
				CLANG_WARN_CONSTANT_CONVERSION = YES;
				CLANG_WARN_DIRECT_OBJC_ISA_USAGE = YES_ERROR;
				CLANG_WARN_DOCUMENTATION_COMMENTS = YES;
				CLANG_WARN_EMPTY_BODY = YES;
				CLANG_WARN_ENUM_CONVERSION = YES;
				CLANG_WARN_INFINITE_RECURSION = YES;
				CLANG_WARN_INT_CONVERSION = YES;
				CLANG_WARN_NON_LITERAL_NULL_CONVERSION = YES;
				CLANG_WARN_OBJC_LITERAL_CONVERSION = YES;
				CLANG_WARN_OBJC_ROOT_CLASS = YES_ERROR;
				CLANG_WARN_RANGE_LOOP_ANALYSIS = YES;
				CLANG_WARN_STRICT_PROTOTYPES = YES;
				CLANG_WARN_SUSPICIOUS_MOVE = YES;
				CLANG_WARN_UNGUARDED_AVAILABILITY = YES_AGGRESSIVE;
				CLANG_WARN_UNREACHABLE_CODE = YES;
				CLANG_WARN__DUPLICATE_METHOD_MATCH = YES;
				CODE_SIGN_IDENTITY = "iPhone Developer";
				COPY_PHASE_STRIP = NO;
				DEBUG_INFORMATION_FORMAT = dwarf;
				ENABLE_STRICT_OBJC_MSGSEND = YES;
				ENABLE_TESTABILITY = YES;
				GCC_C_LANGUAGE_STANDARD = gnu11;
				GCC_DYNAMIC_NO_PIC = NO;
				GCC_NO_COMMON_BLOCKS = YES;
				GCC_OPTIMIZATION_LEVEL = 0;
				GCC_PREPROCESSOR_DEFINITIONS = (
					"DEBUG=1",
					"$(inherited)",
				);
				GCC_WARN_64_TO_32_BIT_CONVERSION = YES;
				GCC_WARN_ABOUT_RETURN_TYPE = YES_ERROR;
				GCC_WARN_UNDECLARED_SELECTOR = YES;
				GCC_WARN_UNINITIALIZED_AUTOS = YES_AGGRESSIVE;
				GCC_WARN_UNUSED_FUNCTION = YES;
				GCC_WARN_UNUSED_VARIABLE = YES;
				IPHONEOS_DEPLOYMENT_TARGET = 11.0;
				MTL_ENABLE_DEBUG_INFO = YES;
				ONLY_ACTIVE_ARCH = YES;
				SDKROOT = iphoneos;
				SWIFT_ACTIVE_COMPILATION_CONDITIONS = DEBUG;
				SWIFT_OPTIMIZATION_LEVEL = "-Onone";
			};
			name = Debug;
		};
		91D7770D1F72CC3B007573E1 /* Release */ = {
			isa = XCBuildConfiguration;
			buildSettings = {
				ALWAYS_SEARCH_USER_PATHS = NO;
				CLANG_ANALYZER_NONNULL = YES;
				CLANG_ANALYZER_NUMBER_OBJECT_CONVERSION = YES_AGGRESSIVE;
				CLANG_CXX_LANGUAGE_STANDARD = "gnu++14";
				CLANG_CXX_LIBRARY = "libc++";
				CLANG_ENABLE_MODULES = YES;
				CLANG_ENABLE_OBJC_ARC = YES;
				CLANG_WARN_BLOCK_CAPTURE_AUTORELEASING = YES;
				CLANG_WARN_BOOL_CONVERSION = YES;
				CLANG_WARN_COMMA = YES;
				CLANG_WARN_CONSTANT_CONVERSION = YES;
				CLANG_WARN_DIRECT_OBJC_ISA_USAGE = YES_ERROR;
				CLANG_WARN_DOCUMENTATION_COMMENTS = YES;
				CLANG_WARN_EMPTY_BODY = YES;
				CLANG_WARN_ENUM_CONVERSION = YES;
				CLANG_WARN_INFINITE_RECURSION = YES;
				CLANG_WARN_INT_CONVERSION = YES;
				CLANG_WARN_NON_LITERAL_NULL_CONVERSION = YES;
				CLANG_WARN_OBJC_LITERAL_CONVERSION = YES;
				CLANG_WARN_OBJC_ROOT_CLASS = YES_ERROR;
				CLANG_WARN_RANGE_LOOP_ANALYSIS = YES;
				CLANG_WARN_STRICT_PROTOTYPES = YES;
				CLANG_WARN_SUSPICIOUS_MOVE = YES;
				CLANG_WARN_UNGUARDED_AVAILABILITY = YES_AGGRESSIVE;
				CLANG_WARN_UNREACHABLE_CODE = YES;
				CLANG_WARN__DUPLICATE_METHOD_MATCH = YES;
				CODE_SIGN_IDENTITY = "iPhone Developer";
				COPY_PHASE_STRIP = NO;
				DEBUG_INFORMATION_FORMAT = "dwarf-with-dsym";
				ENABLE_NS_ASSERTIONS = NO;
				ENABLE_STRICT_OBJC_MSGSEND = YES;
				GCC_C_LANGUAGE_STANDARD = gnu11;
				GCC_NO_COMMON_BLOCKS = YES;
				GCC_WARN_64_TO_32_BIT_CONVERSION = YES;
				GCC_WARN_ABOUT_RETURN_TYPE = YES_ERROR;
				GCC_WARN_UNDECLARED_SELECTOR = YES;
				GCC_WARN_UNINITIALIZED_AUTOS = YES_AGGRESSIVE;
				GCC_WARN_UNUSED_FUNCTION = YES;
				GCC_WARN_UNUSED_VARIABLE = YES;
				IPHONEOS_DEPLOYMENT_TARGET = 11.0;
				MTL_ENABLE_DEBUG_INFO = NO;
				SDKROOT = iphoneos;
				SWIFT_OPTIMIZATION_LEVEL = "-Owholemodule";
				VALIDATE_PRODUCT = YES;
			};
			name = Release;
		};
		91D7770F1F72CC3B007573E1 /* Debug */ = {
			isa = XCBuildConfiguration;
			buildSettings = {
				ASSETCATALOG_COMPILER_APPICON_NAME = AppIcon;
				CODE_SIGN_STYLE = Automatic;
				DEVELOPMENT_TEAM = 754G6TU2DQ;
				INFOPLIST_FILE = "$(SRCROOT)/TinkoffChat/SupportFiles/Info.plist";
				IPHONEOS_DEPLOYMENT_TARGET = 10.0;
				LD_RUNPATH_SEARCH_PATHS = "$(inherited) @executable_path/Frameworks";
				PRODUCT_BUNDLE_IDENTIFIER = KamLotfull.TinkoffChat;
				PRODUCT_NAME = "$(TARGET_NAME)";
				SWIFT_VERSION = 4.0;
				TARGETED_DEVICE_FAMILY = "1,2";
			};
			name = Debug;
		};
		91D777101F72CC3B007573E1 /* Release */ = {
			isa = XCBuildConfiguration;
			buildSettings = {
				ASSETCATALOG_COMPILER_APPICON_NAME = AppIcon;
				CODE_SIGN_STYLE = Automatic;
				DEVELOPMENT_TEAM = 754G6TU2DQ;
				INFOPLIST_FILE = "$(SRCROOT)/TinkoffChat/SupportFiles/Info.plist";
				IPHONEOS_DEPLOYMENT_TARGET = 10.0;
				LD_RUNPATH_SEARCH_PATHS = "$(inherited) @executable_path/Frameworks";
				PRODUCT_BUNDLE_IDENTIFIER = KamLotfull.TinkoffChat;
				PRODUCT_NAME = "$(TARGET_NAME)";
				SWIFT_VERSION = 4.0;
				TARGETED_DEVICE_FAMILY = "1,2";
			};
			name = Release;
		};
/* End XCBuildConfiguration section */

/* Begin XCConfigurationList section */
		91D776F41F72CC3B007573E1 /* Build configuration list for PBXProject "TinkoffChat" */ = {
			isa = XCConfigurationList;
			buildConfigurations = (
				91D7770C1F72CC3B007573E1 /* Debug */,
				91D7770D1F72CC3B007573E1 /* Release */,
			);
			defaultConfigurationIsVisible = 0;
			defaultConfigurationName = Release;
		};
		91D7770E1F72CC3B007573E1 /* Build configuration list for PBXNativeTarget "TinkoffChat" */ = {
			isa = XCConfigurationList;
			buildConfigurations = (
				91D7770F1F72CC3B007573E1 /* Debug */,
				91D777101F72CC3B007573E1 /* Release */,
			);
			defaultConfigurationIsVisible = 0;
			defaultConfigurationName = Release;
		};
/* End XCConfigurationList section */

/* Begin XCVersionGroup section */
		919D312A1FAE22B600EF655B /* Model.xcdatamodeld */ = {
			isa = XCVersionGroup;
			children = (
				919D312B1FAE22B600EF655B /* Model.xcdatamodel */,
			);
			currentVersion = 919D312B1FAE22B600EF655B /* Model.xcdatamodel */;
			path = Model.xcdatamodeld;
			sourceTree = "<group>";
			versionGroupType = wrapper.xcdatamodel;
		};
/* End XCVersionGroup section */
	};
	rootObject = 91D776F11F72CC3B007573E1 /* Project object */;
}
